hash: 6dd18c0ad7ad88d7c005a3a22adb0637475db5a5e4f7c0fee1925ab06b1db298
updated: 2019-06-24T15:20:41.390137+05:30
imports:
- name: go.uber.org/atomic
  version: df976f2515e274675050de7b3f42545de80594fd
- name: go.uber.org/dig
  version: f32b35a9d29acaa04ec794bff55e23d8c5582407
  repo: https://github.com/paullen/dig
  vcs: git
  subpackages:
  - internal/digreflect
  - internal/dot
- name: go.uber.org/multierr
  version: 3c4937480c32f4c13a875a1829af76c98ca3d40a
testImports:
- name: github.com/davecgh/go-spew
  version: 8991bc29aa16c548c550c7ff78260e27b9ab7c73
  subpackages:
  - spew
- name: github.com/pmezard/go-difflib
  version: 792786c7400a136282c1664665ae0a8db921c6c2
  subpackages:
  - difflib
- name: github.com/stretchr/testify
  version: ffdc059bfe9ce6a4e144ba849dbedead332c6053
  subpackages:
  - assert
  - require
- name: go.uber.org/goleak
  version: 1ac8aeca0a53163331564467638f6ffb639636bf
  subpackages:
  - internal/stack
- name: go.uber.org/tools
  version: ce2550dad7144b81ae2f67dc5e55597643f6902b
  subpackages:
  - update-license
- name: golang.org/x/lint
  version: 06c8688daad7faa9da5a0c2f163a3d14aac986ca
  repo: https://github.com/golang/lint
  vcs: git
  subpackages:
  - golint
- name: golang.org/x/tools
  version: 4e70a1b26a7875f00ca1916637a876b5ffaeec59
  subpackages:
  - cover
